
Microsoft Visual Studio Solution File, Format Version 12.00
# Visual Studio Version 17
VisualStudioVersion = 17.4.33213.308
MinimumVisualStudioVersion = 10.0.40219.1
Project("{FAE04EC0-301F-11D3-BF4B-00C04F79EFBC}") = "rub7", "rub7\rub7.csproj", "{40FB789D-873E-4435-9364-BFB3499C4550}"
EndProject
Global
	GlobalSection(SolutionConfigurationPlatforms) = preSolution
		Debug|Any CPU = Debug|Any CPU
		Release|Any CPU = Release|Any CPU
	EndGlobalSection
	GlobalSection(ProjectConfigurationPlatforms) = postSolution
		{40FB789D-873E-4435-9364-BFB3499C4550}.Debug|Any CPU.ActiveCfg = Debug|Any CPU
		{40FB789D-873E-4435-9364-BFB3499C4550}.Debug|Any CPU.Build.0 = Debug|Any CPU
		{40FB789D-873E-4435-9364-BFB3499C4550}.Release|Any CPU.ActiveCfg = Release|Any CPU
		{40FB789D-873E-4435-9364-BFB3499C4550}.Release|Any CPU.Build.0 = Release|Any CPU
	EndGlobalSection
	GlobalSection(SolutionProperties) = preSolution
		HideSolutionNode = FALSE
	EndGlobalSection
	GlobalSection(ExtensibilityGlobals) = postSolution
		SolutionGuid = {CCE5E085-63A3-4D6C-8C25-21A07553BC6F}
	EndGlobalSection
EndGlobal
